github.com/NetEase-Media/easy-ngo/xlog v0.0.0-20230208060752-d8027e910220 h1:f4fBzd26JT7s1E0FJ3NW/8GGnDxp+LmqzhywauydggY=
github.com/NetEase-Media/easy-ngo/xlog v0.0.0-20230208060752-d8027e910220/go.mod h1:ya16VefBK0CUcjSkxRDWMDRVWe3ld6QJF4lXmZp/A78=
github.com/go-basic/ipv4 v1.0.0 h1:gjyFAa1USC1hhXTkPOwBWDPfMcUaIM+tvo1XzV9EZxs=
github.com/go-basic/ipv4 v1.0.0/go.mod h1:etLBnaxbidQfuqE6wgZQfs38nEWNmzALkxDZe4xY8Dg=
github.com/xxl-job/xxl-job-executor-go v1.1.2 h1:P2ldUxBXzW9pDaTGsJFSTq45dChrxvV14ai9cgUVsxk=
github.com/xxl-job/xxl-job-executor-go v1.1.2/go.mod h1:bUFhz/5Irp9zkdYk5MxhQcDDT6LlZrI8+rv5mHtQ1mo=
